// !$*UTF8*$!
{
	archiveVersion = 1;
	classes = {
	};
	objectVersion = 55;
	objects = {

/* Begin PBXBuildFile section */
		AC9D77EE28083BD10099AAB7 /* FirebaseAuth in Frameworks */ = {isa = PBXBuildFile; productRef = AC9D77ED28083BD10099AAB7 /* FirebaseAuth */; };
		AC9D77F028083BD10099AAB7 /* FirebaseFirestoreSwift in Frameworks */ = {isa = PBXBuildFile; productRef = AC9D77EF28083BD10099AAB7 /* FirebaseFirestoreSwift */; };
		AC9D77F2280A82810099AAB7 /* LoginViewController.swift in Sources */ = {isa = PBXBuildFile; fileRef = AC9D77F1280A82810099AAB7 /* LoginViewController.swift */; };
		AC9D77F6280D049C0099AAB7 /* RegisterViewController.swift in Sources */ = {isa = PBXBuildFile; fileRef = AC9D77F5280D049B0099AAB7 /* RegisterViewController.swift */; };
		AC9D77F8280E680B0099AAB7 /* AddKeyboardReturn.swift in Sources */ = {isa = PBXBuildFile; fileRef = AC9D77F7280E680B0099AAB7 /* AddKeyboardReturn.swift */; };
		AC9D77FA280FC0040099AAB7 /* Rooms.swift in Sources */ = {isa = PBXBuildFile; fileRef = AC9D77F9280FC0040099AAB7 /* Rooms.swift */; };
		AC9D77FC280FC3CF0099AAB7 /* RoomsTableViewCell.swift in Sources */ = {isa = PBXBuildFile; fileRef = AC9D77FB280FC3CF0099AAB7 /* RoomsTableViewCell.swift */; };
		ACCA439628117E5300EED28C /* Messages.swift in Sources */ = {isa = PBXBuildFile; fileRef = ACCA439528117E5300EED28C /* Messages.swift */; };
		ACCA43982811B0EE00EED28C /* MessagesViewController.swift in Sources */ = {isa = PBXBuildFile; fileRef = ACCA43972811B0EE00EED28C /* MessagesViewController.swift */; };
		ACCA439A2811B10800EED28C /* MessagesTableViewCell.swift in Sources */ = {isa = PBXBuildFile; fileRef = ACCA43992811B10800EED28C /* MessagesTableViewCell.swift */; };
		ACCA439C2818010C00EED28C /* OtherMessagesTableViewCell.swift in Sources */ = {isa = PBXBuildFile; fileRef = ACCA439B2818010C00EED28C /* OtherMessagesTableViewCell.swift */; };
		ACCA43A0281BA51500EED28C /* FirebaseController.swift in Sources */ = {isa = PBXBuildFile; fileRef = ACCA439F281BA51500EED28C /* FirebaseController.swift */; };
		ACCA43A2281BF71F00EED28C /* ChooseDisplayPhotoViewController.swift in Sources */ = {isa = PBXBuildFile; fileRef = ACCA43A1281BF71F00EED28C /* ChooseDisplayPhotoViewController.swift */; };
		ACCA43A4281BF74300EED28C /* ChooseDisplayPhotoCollectionViewCell.swift in Sources */ = {isa = PBXBuildFile; fileRef = ACCA43A3281BF74300EED28C /* ChooseDisplayPhotoCollectionViewCell.swift */; };
		ACCA43A6281BFAEC00EED28C /* DisplayPhoto.swift in Sources */ = {isa = PBXBuildFile; fileRef = ACCA43A5281BFAEC00EED28C /* DisplayPhoto.swift */; };
		ACCA43A8281C135300EED28C /* ChooseDisplayPhotoController.swift in Sources */ = {isa = PBXBuildFile; fileRef = ACCA43A7281C135300EED28C /* ChooseDisplayPhotoController.swift */; };
		ACCA43AC281D4BD700EED28C /* AlterController.swift in Sources */ = {isa = PBXBuildFile; fileRef = ACCA43AB281D4BD700EED28C /* AlterController.swift */; };
		ACCA43AE281FCF0A00EED28C /* AnimationViewController.swift in Sources */ = {isa = PBXBuildFile; fileRef = ACCA43AD281FCF0A00EED28C /* AnimationViewController.swift */; };
		ACCA43B0281FE4FF00EED28C /* AnimationEffectController.swift in Sources */ = {isa = PBXBuildFile; fileRef = ACCA43AF281FE4FF00EED28C /* AnimationEffectController.swift */; };
		ACCA43B5282920C300EED28C /* ChatroomViewController.swift in Sources */ = {isa = PBXBuildFile; fileRef = ACCA43B4282920C300EED28C /* ChatroomViewController.swift */; };
		ACDF2CF3280830A10010ECD5 /* AppDelegate.swift in Sources */ = {isa = PBXBuildFile; fileRef = ACDF2CF2280830A10010ECD5 /* AppDelegate.swift */; };
		ACDF2CF5280830A10010ECD5 /* SceneDelegate.swift in Sources */ = {isa = PBXBuildFile; fileRef = ACDF2CF4280830A10010ECD5 /* SceneDelegate.swift */; };
		ACDF2CFA280830A10010ECD5 /* Main.storyboard in Resources */ = {isa = PBXBuildFile; fileRef = ACDF2CF8280830A10010ECD5 /* Main.storyboard */; };
		ACDF2CFC280830A20010ECD5 /* Assets.xcassets in Resources */ = {isa = PBXBuildFile; fileRef = ACDF2CFB280830A20010ECD5 /* Assets.xcassets */; };
		ACDF2CFF280830A20010ECD5 /* LaunchScreen.storyboard in Resources */ = {isa = PBXBuildFile; fileRef = ACDF2CFD280830A20010ECD5 /* LaunchScreen.storyboard */; };
		ACDF2D07280836C00010ECD5 /* GoogleService-Info.plist in Resources */ = {isa = PBXBuildFile; fileRef = ACDF2D06280836C00010ECD5 /* GoogleService-Info.plist */; };
		ACF7701F28589291008473E9 /* FacebookLogin in Frameworks */ = {isa = PBXBuildFile; productRef = ACF7701E28589291008473E9 /* FacebookLogin */; };
/* End PBXBuildFile section */

/* Begin PBXFileReference section */
		AC9D77F1280A82810099AAB7 /* LoginViewController.swift */ = {isa = PBXFileReference; lastKnownFileType = sourcecode.swift; path = LoginViewController.swift; sourceTree = "<group>"; };
		AC9D77F5280D049B0099AAB7 /* RegisterViewController.swift */ = {isa = PBXFileReference; lastKnownFileType = sourcecode.swift; path = RegisterViewController.swift; sourceTree = "<group>"; };
		AC9D77F7280E680B0099AAB7 /* AddKeyboardReturn.swift */ = {isa = PBXFileReference; lastKnownFileType = sourcecode.swift; path = AddKeyboardReturn.swift; sourceTree = "<group>"; };
		AC9D77F9280FC0040099AAB7 /* Rooms.swift */ = {isa = PBXFileReference; lastKnownFileType = sourcecode.swift; path = Rooms.swift; sourceTree = "<group>"; };
		AC9D77FB280FC3CF0099AAB7 /* RoomsTableViewCell.swift */ = {isa = PBXFileReference; lastKnownFileType = sourcecode.swift; path = RoomsTableViewCell.swift; sourceTree = "<group>"; };
		ACCA439528117E5300EED28C /* Messages.swift */ = {isa = PBXFileReference; lastKnownFileType = sourcecode.swift; path = Messages.swift; sourceTree = "<group>"; };
		ACCA43972811B0EE00EED28C /* MessagesViewController.swift */ = {isa = PBXFileReference; lastKnownFileType = sourcecode.swift; path = MessagesViewController.swift; sourceTree = "<group>"; };
		ACCA43992811B10800EED28C /* MessagesTableViewCell.swift */ = {isa = PBXFileReference; lastKnownFileType = sourcecode.swift; path = MessagesTableViewCell.swift; sourceTree = "<group>"; };
		ACCA439B2818010C00EED28C /* OtherMessagesTableViewCell.swift */ = {isa = PBXFileReference; lastKnownFileType = sourcecode.swift; path = OtherMessagesTableViewCell.swift; sourceTree = "<group>"; };
		ACCA439F281BA51500EED28C /* FirebaseController.swift */ = {isa = PBXFileReference; lastKnownFileType = sourcecode.swift; path = FirebaseController.swift; sourceTree = "<group>"; };
		ACCA43A1281BF71F00EED28C /* ChooseDisplayPhotoViewController.swift */ = {isa = PBXFileReference; lastKnownFileType = sourcecode.swift; path = ChooseDisplayPhotoViewController.swift; sourceTree = "<group>"; };
		ACCA43A3281BF74300EED28C /* ChooseDisplayPhotoCollectionViewCell.swift */ = {isa = PBXFileReference; lastKnownFileType = sourcecode.swift; path = ChooseDisplayPhotoCollectionViewCell.swift; sourceTree = "<group>"; };
		ACCA43A5281BFAEC00EED28C /* DisplayPhoto.swift */ = {isa = PBXFileReference; lastKnownFileType = sourcecode.swift; path = DisplayPhoto.swift; sourceTree = "<group>"; };
		ACCA43A7281C135300EED28C /* ChooseDisplayPhotoController.swift */ = {isa = PBXFileReference; lastKnownFileType = sourcecode.swift; path = ChooseDisplayPhotoController.swift; sourceTree = "<group>"; };
		ACCA43AB281D4BD700EED28C /* AlterController.swift */ = {isa = PBXFileReference; lastKnownFileType = sourcecode.swift; path = AlterController.swift; sourceTree = "<group>"; };
		ACCA43AD281FCF0A00EED28C /* AnimationViewController.swift */ = {isa = PBXFileReference; lastKnownFileType = sourcecode.swift; path = AnimationViewController.swift; sourceTree = "<group>"; };
		ACCA43AF281FE4FF00EED28C /* AnimationEffectController.swift */ = {isa = PBXFileReference; lastKnownFileType = sourcecode.swift; path = AnimationEffectController.swift; sourceTree = "<group>"; };
		ACCA43B4282920C300EED28C /* ChatroomViewController.swift */ = {isa = PBXFileReference; lastKnownFileType = sourcecode.swift; path = ChatroomViewController.swift; sourceTree = "<group>"; };
		ACDF2CEF280830A10010ECD5 /* LoginDemo.app */ = {isa = PBXFileReference; explicitFileType = wrapper.application; includeInIndex = 0; path = LoginDemo.app; sourceTree = BUILT_PRODUCTS_DIR; };
		ACDF2CF2280830A10010ECD5 /* AppDelegate.swift */ = {isa = PBXFileReference; lastKnownFileType = sourcecode.swift; path = AppDelegate.swift; sourceTree = "<group>"; };
		ACDF2CF4280830A10010ECD5 /* SceneDelegate.swift */ = {isa = PBXFileReference; lastKnownFileType = sourcecode.swift; path = SceneDelegate.swift; sourceTree = "<group>"; };
		ACDF2CF9280830A10010ECD5 /* Base */ = {isa = PBXFileReference; lastKnownFileType = file.storyboard; name = Base; path = Base.lproj/Main.storyboard; sourceTree = "<group>"; };
		ACDF2CFB280830A20010ECD5 /* Assets.xcassets */ = {isa = PBXFileReference; lastKnownFileType = folder.assetcatalog; path = Assets.xcassets; sourceTree = "<group>"; };
		ACDF2CFE280830A20010ECD5 /* Base */ = {isa = PBXFileReference; lastKnownFileType = file.storyboard; name = Base; path = Base.lproj/LaunchScreen.storyboard; sourceTree = "<group>"; };
		ACDF2D00280830A20010ECD5 /* Info.plist */ = {isa = PBXFileReference; lastKnownFileType = text.plist.xml; path = Info.plist; sourceTree = "<group>"; };
		ACDF2D06280836C00010ECD5 /* GoogleService-Info.plist */ = {isa = PBXFileReference; fileEncoding = 4; lastKnownFileType = text.plist.xml; path = "GoogleService-Info.plist"; sourceTree = "<group>"; };
		ACF7701C285890ED008473E9 /* LoginDemoDebug.entitlements */ = {isa = PBXFileReference; lastKnownFileType = text.plist.entitlements; path = LoginDemoDebug.entitlements; sourceTree = "<group>"; };
/* End PBXFileReference section */

/* Begin PBXFrameworksBuildPhase section */
		ACDF2CEC280830A10010ECD5 /* Frameworks */ = {
			isa = PBXFrameworksBuildPhase;
			buildActionMask = 2147483647;
			files = (
				AC9D77EE28083BD10099AAB7 /* FirebaseAuth in Frameworks */,
				AC9D77F028083BD10099AAB7 /* FirebaseFirestoreSwift in Frameworks */,
				ACF7701F28589291008473E9 /* FacebookLogin in Frameworks */,
			);
			runOnlyForDeploymentPostprocessing = 0;
		};
/* End PBXFrameworksBuildPhase section */

/* Begin PBXGroup section */
		ACCA439D281BA4DF00EED28C /* Models */ = {
			isa = PBXGroup;
			children = (
				AC9D77F9280FC0040099AAB7 /* Rooms.swift */,
				ACCA439528117E5300EED28C /* Messages.swift */,
				ACCA43A5281BFAEC00EED28C /* DisplayPhoto.swift */,
			);
			path = Models;
			sourceTree = "<group>";
		};
		ACCA439E281BA4F500EED28C /* Controller */ = {
			isa = PBXGroup;
			children = (
				ACCA439F281BA51500EED28C /* FirebaseController.swift */,
				ACCA43A7281C135300EED28C /* ChooseDisplayPhotoController.swift */,
				ACCA43AB281D4BD700EED28C /* AlterController.swift */,
				ACCA43AF281FE4FF00EED28C /* AnimationEffectController.swift */,
				AC9D77F7280E680B0099AAB7 /* AddKeyboardReturn.swift */,
			);
			path = Controller;
			sourceTree = "<group>";
		};
		ACCA43B62829241F00EED28C /* Chatroom */ = {
			isa = PBXGroup;
			children = (
				ACCA43B4282920C300EED28C /* ChatroomViewController.swift */,
				AC9D77FB280FC3CF0099AAB7 /* RoomsTableViewCell.swift */,
				ACCA43972811B0EE00EED28C /* MessagesViewController.swift */,
				ACCA43992811B10800EED28C /* MessagesTableViewCell.swift */,
				ACCA439B2818010C00EED28C /* OtherMessagesTableViewCell.swift */,
			);
			path = Chatroom;
			sourceTree = "<group>";
		};
		ACDF2CE6280830A10010ECD5 = {
			isa = PBXGroup;
			children = (
				ACDF2CF1280830A10010ECD5 /* LoginDemo */,
				ACDF2CF0280830A10010ECD5 /* Products */,
			);
			sourceTree = "<group>";
		};
		ACDF2CF0280830A10010ECD5 /* Products */ = {
			isa = PBXGroup;
			children = (
				ACDF2CEF280830A10010ECD5 /* LoginDemo.app */,
			);
			name = Products;
			sourceTree = "<group>";
		};
		ACDF2CF1280830A10010ECD5 /* LoginDemo */ = {
			isa = PBXGroup;
			children = (
				ACF7701C285890ED008473E9 /* LoginDemoDebug.entitlements */,
				ACCA43B62829241F00EED28C /* Chatroom */,
				ACCA439E281BA4F500EED28C /* Controller */,
				ACCA439D281BA4DF00EED28C /* Models */,
				ACDF2CF2280830A10010ECD5 /* AppDelegate.swift */,
				ACDF2CF4280830A10010ECD5 /* SceneDelegate.swift */,
				ACDF2CF8280830A10010ECD5 /* Main.storyboard */,
				ACDF2CFB280830A20010ECD5 /* Assets.xcassets */,
				ACDF2CFD280830A20010ECD5 /* LaunchScreen.storyboard */,
				ACDF2D00280830A20010ECD5 /* Info.plist */,
				ACDF2D06280836C00010ECD5 /* GoogleService-Info.plist */,
				AC9D77F1280A82810099AAB7 /* LoginViewController.swift */,
				AC9D77F5280D049B0099AAB7 /* RegisterViewController.swift */,
				ACCA43A1281BF71F00EED28C /* ChooseDisplayPhotoViewController.swift */,
				ACCA43A3281BF74300EED28C /* ChooseDisplayPhotoCollectionViewCell.swift */,
				ACCA43AD281FCF0A00EED28C /* AnimationViewController.swift */,
			);
			path = LoginDemo;
			sourceTree = "<group>";
		};
/* End PBXGroup section */

/* Begin PBXNativeTarget section */
		ACDF2CEE280830A10010ECD5 /* LoginDemo */ = {
			isa = PBXNativeTarget;
			buildConfigurationList = ACDF2D03280830A20010ECD5 /* Build configuration list for PBXNativeTarget "LoginDemo" */;
			buildPhases = (
				ACDF2CEB280830A10010ECD5 /* Sources */,
				ACDF2CEC280830A10010ECD5 /* Frameworks */,
				ACDF2CED280830A10010ECD5 /* Resources */,
			);
			buildRules = (
			);
			dependencies = (
			);
			name = LoginDemo;
			packageProductDependencies = (
				AC9D77ED28083BD10099AAB7 /* FirebaseAuth */,
				AC9D77EF28083BD10099AAB7 /* FirebaseFirestoreSwift */,
				ACF7701E28589291008473E9 /* FacebookLogin */,
			);
			productName = LoginDemo;
			productReference = ACDF2CEF280830A10010ECD5 /* LoginDemo.app */;
			productType = "com.apple.product-type.application";
		};
/* End PBXNativeTarget section */

/* Begin PBXProject section */
		ACDF2CE7280830A10010ECD5 /* Project object */ = {
			isa = PBXProject;
			attributes = {
				BuildIndependentTargetsInParallel = 1;
				LastSwiftUpdateCheck = 1330;
				LastUpgradeCheck = 1330;
				TargetAttributes = {
					ACDF2CEE280830A10010ECD5 = {
						CreatedOnToolsVersion = 13.3;
					};
				};
			};
			buildConfigurationList = ACDF2CEA280830A10010ECD5 /* Build configuration list for PBXProject "LoginDemo" */;
			compatibilityVersion = "Xcode 13.0";
			developmentRegion = en;
			hasScannedForEncodings = 0;
			knownRegions = (
				en,
				Base,
			);
			mainGroup = ACDF2CE6280830A10010ECD5;
			packageReferences = (
				AC9D77EC28083BD10099AAB7 /* XCRemoteSwiftPackageReference "firebase-ios-sdk" */,
				ACF7701D28589291008473E9 /* XCRemoteSwiftPackageReference "facebook-ios-sdk" */,
			);
			productRefGroup = ACDF2CF0280830A10010ECD5 /* Products */;
			projectDirPath = "";
			projectRoot = "";
			targets = (
				ACDF2CEE280830A10010ECD5 /* LoginDemo */,
			);
		};
/* End PBXProject section */

/* Begin PBXResourcesBuildPhase section */
		ACDF2CED280830A10010ECD5 /* Resources */ = {
			isa = PBXResourcesBuildPhase;
			buildActionMask = 2147483647;
			files = (
				ACDF2CFF280830A20010ECD5 /* LaunchScreen.storyboard in Resources */,
				ACDF2D07280836C00010ECD5 /* GoogleService-Info.plist in Resources */,
				ACDF2CFC280830A20010ECD5 /* Assets.xcassets in Resources */,
				ACDF2CFA280830A10010ECD5 /* Main.storyboard in Resources */,
			);
			runOnlyForDeploymentPostprocessing = 0;
		};
/* End PBXResourcesBuildPhase section */

/* Begin PBXSourcesBuildPhase section */
		ACDF2CEB280830A10010ECD5 /* Sources */ = {
			isa = PBXSourcesBuildPhase;
			buildActionMask = 2147483647;
			files = (
				ACCA43982811B0EE00EED28C /* MessagesViewController.swift in Sources */,
				ACCA439A2811B10800EED28C /* MessagesTableViewCell.swift in Sources */,
				ACCA43B5282920C300EED28C /* ChatroomViewController.swift in Sources */,
				ACCA43B0281FE4FF00EED28C /* AnimationEffectController.swift in Sources */,
				ACCA439628117E5300EED28C /* Messages.swift in Sources */,
				ACCA43A4281BF74300EED28C /* ChooseDisplayPhotoCollectionViewCell.swift in Sources */,
				ACCA439C2818010C00EED28C /* OtherMessagesTableViewCell.swift in Sources */,
				AC9D77FA280FC0040099AAB7 /* Rooms.swift in Sources */,
				AC9D77F6280D049C0099AAB7 /* RegisterViewController.swift in Sources */,
				ACCA43A8281C135300EED28C /* ChooseDisplayPhotoController.swift in Sources */,
				ACCA43A2281BF71F00EED28C /* ChooseDisplayPhotoViewController.swift in Sources */,
				AC9D77F8280E680B0099AAB7 /* AddKeyboardReturn.swift in Sources */,
				AC9D77F2280A82810099AAB7 /* LoginViewController.swift in Sources */,
				ACCA43AE281FCF0A00EED28C /* AnimationViewController.swift in Sources */,
				ACDF2CF3280830A10010ECD5 /* AppDelegate.swift in Sources */,
				AC9D77FC280FC3CF0099AAB7 /* RoomsTableViewCell.swift in Sources */,
				ACCA43A6281BFAEC00EED28C /* DisplayPhoto.swift in Sources */,
				ACDF2CF5280830A10010ECD5 /* SceneDelegate.swift in Sources */,
				ACCA43AC281D4BD700EED28C /* AlterController.swift in Sources */,
				ACCA43A0281BA51500EED28C /* FirebaseController.swift in Sources */,
			);
			runOnlyForDeploymentPostprocessing = 0;
		};
/* End PBXSourcesBuildPhase section */

/* Begin PBXVariantGroup section */
		ACDF2CF8280830A10010ECD5 /* Main.storyboard */ = {
			isa = PBXVariantGroup;
			children = (
				ACDF2CF9280830A10010ECD5 /* Base */,
			);
			name = Main.storyboard;
			sourceTree = "<group>";
		};
		ACDF2CFD280830A20010ECD5 /* LaunchScreen.storyboard */ = {
			isa = PBXVariantGroup;
			children = (
				ACDF2CFE280830A20010ECD5 /* Base */,
			);
			name = LaunchScreen.storyboard;
			sourceTree = "<group>";
		};
/* End PBXVariantGroup section */

/* Begin XCBuildConfiguration section */
		ACDF2D01280830A20010ECD5 /* Debug */ = {
			isa = XCBuildConfiguration;
			buildSettings = {
				ALWAYS_SEARCH_USER_PATHS = NO;
				CLANG_ANALYZER_NONNULL = YES;
				CLANG_ANALYZER_NUMBER_OBJECT_CONVERSION = YES_AGGRESSIVE;
				CLANG_CXX_LANGUAGE_STANDARD = "gnu++17";
				CLANG_ENABLE_MODULES = YES;
				CLANG_ENABLE_OBJC_ARC = YES;
				CLANG_ENABLE_OBJC_WEAK = YES;
				CLANG_WARN_BLOCK_CAPTURE_AUTORELEASING = YES;
				CLANG_WARN_BOOL_CONVERSION = YES;
				CLANG_WARN_COMMA = YES;
				CLANG_WARN_CONSTANT_CONVERSION = YES;
				CLANG_WARN_DEPRECATED_OBJC_IMPLEMENTATIONS = YES;
				CLANG_WARN_DIRECT_OBJC_ISA_USAGE = YES_ERROR;
				CLANG_WARN_DOCUMENTATION_COMMENTS = YES;
				CLANG_WARN_EMPTY_BODY = YES;
				CLANG_WARN_ENUM_CONVERSION = YES;
				CLANG_WARN_INFINITE_RECURSION = YES;
				CLANG_WARN_INT_CONVERSION = YES;
				CLANG_WARN_NON_LITERAL_NULL_CONVERSION = YES;
				CLANG_WARN_OBJC_IMPLICIT_RETAIN_SELF = YES;
				CLANG_WARN_OBJC_LITERAL_CONVERSION = YES;
				CLANG_WARN_OBJC_ROOT_CLASS = YES_ERROR;
				CLANG_WARN_QUOTED_INCLUDE_IN_FRAMEWORK_HEADER = YES;
				CLANG_WARN_RANGE_LOOP_ANALYSIS = YES;
				CLANG_WARN_STRICT_PROTOTYPES = YES;
				CLANG_WARN_SUSPICIOUS_MOVE = YES;
				CLANG_WARN_UNGUARDED_AVAILABILITY = YES_AGGRESSIVE;
				CLANG_WARN_UNREACHABLE_CODE = YES;
				CLANG_WARN__DUPLICATE_METHOD_MATCH = YES;
				COPY_PHASE_STRIP = NO;
				DEBUG_INFORMATION_FORMAT = dwarf;
				ENABLE_STRICT_OBJC_MSGSEND = YES;
				ENABLE_TESTABILITY = YES;
				GCC_C_LANGUAGE_STANDARD = gnu11;
				GCC_DYNAMIC_NO_PIC = NO;
				GCC_NO_COMMON_BLOCKS = YES;
				GCC_OPTIMIZATION_LEVEL = 0;
				GCC_PREPROCESSOR_DEFINITIONS = (
					"DEBUG=1",
					"$(inherited)",
				);
				GCC_WARN_64_TO_32_BIT_CONVERSION = YES;
				GCC_WARN_ABOUT_RETURN_TYPE = YES_ERROR;
				GCC_WARN_UNDECLARED_SELECTOR = YES;
				GCC_WARN_UNINITIALIZED_AUTOS = YES_AGGRESSIVE;
				GCC_WARN_UNUSED_FUNCTION = YES;
				GCC_WARN_UNUSED_VARIABLE = YES;
				IPHONEOS_DEPLOYMENT_TARGET = 15.4;
				MTL_ENABLE_DEBUG_INFO = INCLUDE_SOURCE;
				MTL_FAST_MATH = YES;
				ONLY_ACTIVE_ARCH = YES;
				SDKROOT = iphoneos;
				SWIFT_ACTIVE_COMPILATION_CONDITIONS = DEBUG;
				SWIFT_OPTIMIZATION_LEVEL = "-Onone";
			};
			name = Debug;
		};
		ACDF2D02280830A20010ECD5 /* Release */ = {
			isa = XCBuildConfiguration;
			buildSettings = {
				ALWAYS_SEARCH_USER_PATHS = NO;
				CLANG_ANALYZER_NONNULL = YES;
				CLANG_ANALYZER_NUMBER_OBJECT_CONVERSION = YES_AGGRESSIVE;
				CLANG_CXX_LANGUAGE_STANDARD = "gnu++17";
				CLANG_ENABLE_MODULES = YES;
				CLANG_ENABLE_OBJC_ARC = YES;
				CLANG_ENABLE_OBJC_WEAK = YES;
				CLANG_WARN_BLOCK_CAPTURE_AUTORELEASING = YES;
				CLANG_WARN_BOOL_CONVERSION = YES;
				CLANG_WARN_COMMA = YES;
				CLANG_WARN_CONSTANT_CONVERSION = YES;
				CLANG_WARN_DEPRECATED_OBJC_IMPLEMENTATIONS = YES;
				CLANG_WARN_DIRECT_OBJC_ISA_USAGE = YES_ERROR;
				CLANG_WARN_DOCUMENTATION_COMMENTS = YES;
				CLANG_WARN_EMPTY_BODY = YES;
				CLANG_WARN_ENUM_CONVERSION = YES;
				CLANG_WARN_INFINITE_RECURSION = YES;
				CLANG_WARN_INT_CONVERSION = YES;
				CLANG_WARN_NON_LITERAL_NULL_CONVERSION = YES;
				CLANG_WARN_OBJC_IMPLICIT_RETAIN_SELF = YES;
				CLANG_WARN_OBJC_LITERAL_CONVERSION = YES;
				CLANG_WARN_OBJC_ROOT_CLASS = YES_ERROR;
				CLANG_WARN_QUOTED_INCLUDE_IN_FRAMEWORK_HEADER = YES;
				CLANG_WARN_RANGE_LOOP_ANALYSIS = YES;
				CLANG_WARN_STRICT_PROTOTYPES = YES;
				CLANG_WARN_SUSPICIOUS_MOVE = YES;
				CLANG_WARN_UNGUARDED_AVAILABILITY = YES_AGGRESSIVE;
				CLANG_WARN_UNREACHABLE_CODE = YES;
				CLANG_WARN__DUPLICATE_METHOD_MATCH = YES;
				COPY_PHASE_STRIP = NO;
				DEBUG_INFORMATION_FORMAT = "dwarf-with-dsym";
				ENABLE_NS_ASSERTIONS = NO;
				ENABLE_STRICT_OBJC_MSGSEND = YES;
				GCC_C_LANGUAGE_STANDARD = gnu11;
				GCC_NO_COMMON_BLOCKS = YES;
				GCC_WARN_64_TO_32_BIT_CONVERSION = YES;
				GCC_WARN_ABOUT_RETURN_TYPE = YES_ERROR;
				GCC_WARN_UNDECLARED_SELECTOR = YES;
				GCC_WARN_UNINITIALIZED_AUTOS = YES_AGGRESSIVE;
				GCC_WARN_UNUSED_FUNCTION = YES;
				GCC_WARN_UNUSED_VARIABLE = YES;
				IPHONEOS_DEPLOYMENT_TARGET = 15.4;
				MTL_ENABLE_DEBUG_INFO = NO;
				MTL_FAST_MATH = YES;
				SDKROOT = iphoneos;
				SWIFT_COMPILATION_MODE = wholemodule;
				SWIFT_OPTIMIZATION_LEVEL = "-O";
				VALIDATE_PRODUCT = YES;
			};
			name = Release;
		};
		ACDF2D04280830A20010ECD5 /* Debug */ = {
			isa = XCBuildConfiguration;
			buildSettings = {
				ASSETCATALOG_COMPILER_APPICON_NAME = AppIcon;
				ASSETCATALOG_COMPILER_GLOBAL_ACCENT_COLOR_NAME = AccentColor;
				CODE_SIGN_ENTITLEMENTS = LoginDemo/LoginDemoDebug.entitlements;
				CODE_SIGN_STYLE = Automatic;
				CURRENT_PROJECT_VERSION = 1;
				DEVELOPMENT_TEAM = 5A59YVG9DY;
				GENERATE_INFOPLIST_FILE = YES;
				INFOPLIST_FILE = LoginDemo/Info.plist;
				INFOPLIST_KEY_UIApplicationSupportsIndirectInputEvents = YES;
				INFOPLIST_KEY_UILaunchStoryboardName = LaunchScreen;
				INFOPLIST_KEY_UIMainStoryboardFile = Main;
				INFOPLIST_KEY_UISupportedInterfaceOrientations_iPad = "UIInterfaceOrientationPortrait UIInterfaceOrientationPortraitUpsideDown UIInterfaceOrientationLandscapeLeft UIInterfaceOrientationLandscapeRight";
				INFOPLIST_KEY_UISupportedInterfaceOrientations_iPhone = UIInterfaceOrientationPortrait;
				INFOPLIST_KEY_UIUserInterfaceStyle = Light;
				LD_RUNPATH_SEARCH_PATHS = (
					"$(inherited)",
					"@executable_path/Frameworks",
				);
				MARKETING_VERSION = 1.0;
				PRODUCT_BUNDLE_IDENTIFIER = yongshun.LoginDemo;
				PRODUCT_NAME = "$(TARGET_NAME)";
				SWIFT_EMIT_LOC_STRINGS = YES;
				SWIFT_VERSION = 5.0;
				TARGETED_DEVICE_FAMILY = "1,2";
			};
			name = Debug;
		};
		ACDF2D05280830A20010ECD5 /* Release */ = {
			isa = XCBuildConfiguration;
			buildSettings = {
				ASSETCATALOG_COMPILER_APPICON_NAME = AppIcon;
				ASSETCATALOG_COMPILER_GLOBAL_ACCENT_COLOR_NAME = AccentColor;
				CODE_SIGN_STYLE = Automatic;
				CURRENT_PROJECT_VERSION = 1;
				DEVELOPMENT_TEAM = 5A59YVG9DY;
				GENERATE_INFOPLIST_FILE = YES;
				INFOPLIST_FILE = LoginDemo/Info.plist;
				INFOPLIST_KEY_UIApplicationSupportsIndirectInputEvents = YES;
				INFOPLIST_KEY_UILaunchStoryboardName = LaunchScreen;
				INFOPLIST_KEY_UIMainStoryboardFile = Main;
				INFOPLIST_KEY_UISupportedInterfaceOrientations_iPad = "UIInterfaceOrientationPortrait UIInterfaceOrientationPortraitUpsideDown UIInterfaceOrientationLandscapeLeft UIInterfaceOrientationLandscapeRight";
				INFOPLIST_KEY_UISupportedInterfaceOrientations_iPhone = UIInterfaceOrientationPortrait;
				INFOPLIST_KEY_UIUserInterfaceStyle = Light;
				LD_RUNPATH_SEARCH_PATHS = (
					"$(inherited)",
					"@executable_path/Frameworks",
				);
				MARKETING_VERSION = 1.0;
				PRODUCT_BUNDLE_IDENTIFIER = yongshun.LoginDemo;
				PRODUCT_NAME = "$(TARGET_NAME)";
				SWIFT_EMIT_LOC_STRINGS = YES;
				SWIFT_VERSION = 5.0;
				TARGETED_DEVICE_FAMILY = "1,2";
			};
			name = Release;
		};
/* End XCBuildConfiguration section */

/* Begin XCConfigurationList section */
		ACDF2CEA280830A10010ECD5 /* Build configuration list for PBXProject "LoginDemo" */ = {
			isa = XCConfigurationList;
			buildConfigurations = (
				ACDF2D01280830A20010ECD5 /* Debug */,
				ACDF2D02280830A20010ECD5 /* Release */,
			);
			defaultConfigurationIsVisible = 0;
			defaultConfigurationName = Release;
		};
		ACDF2D03280830A20010ECD5 /* Build configuration list for PBXNativeTarget "LoginDemo" */ = {
			isa = XCConfigurationList;
			buildConfigurations = (
				ACDF2D04280830A20010ECD5 /* Debug */,
				ACDF2D05280830A20010ECD5 /* Release */,
			);
			defaultConfigurationIsVisible = 0;
			defaultConfigurationName = Release;
		};
/* End XCConfigurationList section */

/* Begin XCRemoteSwiftPackageReference section */
		AC9D77EC28083BD10099AAB7 /* XCRemoteSwiftPackageReference "firebase-ios-sdk" */ = {
			isa = XCRemoteSwiftPackageReference;
			repositoryURL = "https://github.com/firebase/firebase-ios-sdk";
			requirement = {
				branch = master;
				kind = branch;
			};
		};
		ACF7701D28589291008473E9 /* XCRemoteSwiftPackageReference "facebook-ios-sdk" */ = {
			isa = XCRemoteSwiftPackageReference;
			repositoryURL = "https://github.com/facebook/facebook-ios-sdk";
			requirement = {
				kind = upToNextMajorVersion;
				minimumVersion = 13.0.0;
			};
		};
/* End XCRemoteSwiftPackageReference section */

/* Begin XCSwiftPackageProductDependency section */
		AC9D77ED28083BD10099AAB7 /* FirebaseAuth */ = {
			isa = XCSwiftPackageProductDependency;
			package = AC9D77EC28083BD10099AAB7 /* XCRemoteSwiftPackageReference "firebase-ios-sdk" */;
			productName = FirebaseAuth;
		};
		AC9D77EF28083BD10099AAB7 /* FirebaseFirestoreSwift */ = {
			isa = XCSwiftPackageProductDependency;
			package = AC9D77EC28083BD10099AAB7 /* XCRemoteSwiftPackageReference "firebase-ios-sdk" */;
			productName = FirebaseFirestoreSwift;
		};
		ACF7701E28589291008473E9 /* FacebookLogin */ = {
			isa = XCSwiftPackageProductDependency;
			package = ACF7701D28589291008473E9 /* XCRemoteSwiftPackageReference "facebook-ios-sdk" */;
			productName = FacebookLogin;
		};
/* End XCSwiftPackageProductDependency section */
	};
	rootObject = ACDF2CE7280830A10010ECD5 /* Project object */;
}
